
Microsoft Visual Studio Solution File, Format Version 12.00
# Visual Studio 14
VisualStudioVersion = 14.0.25420.1
MinimumVisualStudioVersion = 10.0.40219.1
Project("{FAE04EC0-301F-11D3-BF4B-00C04F79EFBC}") = "ToDo", "ToDo\ToDo.csproj", "{13CF30D4-6394-4083-A93A-AB2CE320D377}"
EndProject
Project("{FAE04EC0-301F-11D3-BF4B-00C04F79EFBC}") = "ToDo.Tests", "ToDo.Tests\ToDo.Tests.csproj", "{8C1A8ACA-CA93-48F7-BDF8-DF0E43A0DBEE}"
EndProject
Global
	GlobalSection(SolutionConfigurationPlatforms) = preSolution
		Debug|Any CPU = Debug|Any CPU
		Release|Any CPU = Release|Any CPU
	EndGlobalSection
	GlobalSection(ProjectConfigurationPlatforms) = postSolution
		{13CF30D4-6394-4083-A93A-AB2CE320D377}.Debug|Any CPU.ActiveCfg = Debug|Any CPU
		{13CF30D4-6394-4083-A93A-AB2CE320D377}.Debug|Any CPU.Build.0 = Debug|Any CPU
		{13CF30D4-6394-4083-A93A-AB2CE320D377}.Release|Any CPU.ActiveCfg = Release|Any CPU
		{13CF30D4-6394-4083-A93A-AB2CE320D377}.Release|Any CPU.Build.0 = Release|Any CPU
		{8C1A8ACA-CA93-48F7-BDF8-DF0E43A0DBEE}.Debug|Any CPU.ActiveCfg = Debug|Any CPU
		{8C1A8ACA-CA93-48F7-BDF8-DF0E43A0DBEE}.Debug|Any CPU.Build.0 = Debug|Any CPU
		{8C1A8ACA-CA93-48F7-BDF8-DF0E43A0DBEE}.Release|Any CPU.ActiveCfg = Release|Any CPU
		{8C1A8ACA-CA93-48F7-BDF8-DF0E43A0DBEE}.Release|Any CPU.Build.0 = Release|Any CPU
	EndGlobalSection
	GlobalSection(SolutionProperties) = preSolution
		HideSolutionNode = FALSE
	EndGlobalSection
EndGlobal
